
Microsoft Visual Studio Solution File, Format Version 12.00
# Visual Studio Version 16
VisualStudioVersion = 16.0.29409.12
MinimumVisualStudioVersion = 10.0.40219.1
Project("{FAE04EC0-301F-11D3-BF4B-00C04F79EFBC}") = "QXConfigShell", "ConfigEditor\QXConfigShell.csproj", "{D8AE60A3-1C78-47B0-A84D-C9CECF84FCE4}"
	ProjectSection(ProjectDependencies) = postProject
		{9F34D235-6422-4C8C-B4C0-9A17B4F7F90E} = {9F34D235-6422-4C8C-B4C0-9A17B4F7F90E}
	EndProjectSection
EndProject
Project("{FAE04EC0-301F-11D3-BF4B-00C04F79EFBC}") = "QXConfigShellCore", "XMLEditorModule\QXConfigShellCore.csproj", "{773EA176-EE1D-450C-93FF-EC44D9CE5D2E}"
EndProject
Project("{FAE04EC0-301F-11D3-BF4B-00C04F79EFBC}") = "QXRuntime", "QX\QXRuntime.csproj", "{9F34D235-6422-4C8C-B4C0-9A17B4F7F90E}"
EndProject
Project("{FAE04EC0-301F-11D3-BF4B-00C04F79EFBC}") = "QXMonitor", "QXMonitor\QXMonitor.csproj", "{534C3044-525B-4B9B-89F9-02A21F2D58BB}"
EndProject
Project("{FAE04EC0-301F-11D3-BF4B-00C04F79EFBC}") = "MQTT TEST", "MQTT TEST\MQTT TEST.csproj", "{34CD69B7-1BED-4C68-A503-63A7F719AA37}"
EndProject
Global
	GlobalSection(SolutionConfigurationPlatforms) = preSolution
		Debug|Any CPU = Debug|Any CPU
		Debug|Mixed Platforms = Debug|Mixed Platforms
		Debug|x86 = Debug|x86
		Release|Any CPU = Release|Any CPU
		Release|Mixed Platforms = Release|Mixed Platforms
		Release|x86 = Release|x86
	EndGlobalSection
	GlobalSection(ProjectConfigurationPlatforms) = postSolution
		{D8AE60A3-1C78-47B0-A84D-C9CECF84FCE4}.Debug|Any CPU.ActiveCfg = Debug|Any CPU
		{D8AE60A3-1C78-47B0-A84D-C9CECF84FCE4}.Debug|Any CPU.Build.0 = Debug|Any CPU
		{D8AE60A3-1C78-47B0-A84D-C9CECF84FCE4}.Debug|Mixed Platforms.ActiveCfg = Debug|x86
		{D8AE60A3-1C78-47B0-A84D-C9CECF84FCE4}.Debug|Mixed Platforms.Build.0 = Debug|x86
		{D8AE60A3-1C78-47B0-A84D-C9CECF84FCE4}.Debug|x86.ActiveCfg = Debug|x86
		{D8AE60A3-1C78-47B0-A84D-C9CECF84FCE4}.Debug|x86.Build.0 = Debug|x86
		{D8AE60A3-1C78-47B0-A84D-C9CECF84FCE4}.Release|Any CPU.ActiveCfg = Release|Any CPU
		{D8AE60A3-1C78-47B0-A84D-C9CECF84FCE4}.Release|Any CPU.Build.0 = Release|Any CPU
		{D8AE60A3-1C78-47B0-A84D-C9CECF84FCE4}.Release|Mixed Platforms.ActiveCfg = Release|Any CPU
		{D8AE60A3-1C78-47B0-A84D-C9CECF84FCE4}.Release|Mixed Platforms.Build.0 = Release|Any CPU
		{D8AE60A3-1C78-47B0-A84D-C9CECF84FCE4}.Release|x86.ActiveCfg = Release|x86
		{D8AE60A3-1C78-47B0-A84D-C9CECF84FCE4}.Release|x86.Build.0 = Release|x86
		{773EA176-EE1D-450C-93FF-EC44D9CE5D2E}.Debug|Any CPU.ActiveCfg = Debug|Any CPU
		{773EA176-EE1D-450C-93FF-EC44D9CE5D2E}.Debug|Any CPU.Build.0 = Debug|Any CPU
		{773EA176-EE1D-450C-93FF-EC44D9CE5D2E}.Debug|Mixed Platforms.ActiveCfg = Debug|Any CPU
		{773EA176-EE1D-450C-93FF-EC44D9CE5D2E}.Debug|Mixed Platforms.Build.0 = Debug|Any CPU
		{773EA176-EE1D-450C-93FF-EC44D9CE5D2E}.Debug|x86.ActiveCfg = Debug|Any CPU
		{773EA176-EE1D-450C-93FF-EC44D9CE5D2E}.Release|Any CPU.ActiveCfg = Release|Any CPU
		{773EA176-EE1D-450C-93FF-EC44D9CE5D2E}.Release|Any CPU.Build.0 = Release|Any CPU
		{773EA176-EE1D-450C-93FF-EC44D9CE5D2E}.Release|Mixed Platforms.ActiveCfg = Release|Any CPU
		{773EA176-EE1D-450C-93FF-EC44D9CE5D2E}.Release|Mixed Platforms.Build.0 = Release|Any CPU
		{773EA176-EE1D-450C-93FF-EC44D9CE5D2E}.Release|x86.ActiveCfg = Release|Any CPU
		{9F34D235-6422-4C8C-B4C0-9A17B4F7F90E}.Debug|Any CPU.ActiveCfg = Debug|Any CPU
		{9F34D235-6422-4C8C-B4C0-9A17B4F7F90E}.Debug|Any CPU.Build.0 = Debug|Any CPU
		{9F34D235-6422-4C8C-B4C0-9A17B4F7F90E}.Debug|Mixed Platforms.ActiveCfg = Debug|Any CPU
		{9F34D235-6422-4C8C-B4C0-9A17B4F7F90E}.Debug|Mixed Platforms.Build.0 = Debug|Any CPU
		{9F34D235-6422-4C8C-B4C0-9A17B4F7F90E}.Debug|x86.ActiveCfg = Debug|Any CPU
		{9F34D235-6422-4C8C-B4C0-9A17B4F7F90E}.Debug|x86.Build.0 = Debug|Any CPU
		{9F34D235-6422-4C8C-B4C0-9A17B4F7F90E}.Release|Any CPU.ActiveCfg = Release|Any CPU
		{9F34D235-6422-4C8C-B4C0-9A17B4F7F90E}.Release|Any CPU.Build.0 = Release|Any CPU
		{9F34D235-6422-4C8C-B4C0-9A17B4F7F90E}.Release|Mixed Platforms.ActiveCfg = Release|Any CPU
		{9F34D235-6422-4C8C-B4C0-9A17B4F7F90E}.Release|Mixed Platforms.Build.0 = Release|Any CPU
		{9F34D235-6422-4C8C-B4C0-9A17B4F7F90E}.Release|x86.ActiveCfg = Release|Any CPU
		{9F34D235-6422-4C8C-B4C0-9A17B4F7F90E}.Release|x86.Build.0 = Release|Any CPU
		{534C3044-525B-4B9B-89F9-02A21F2D58BB}.Debug|Any CPU.ActiveCfg = Debug|Any CPU
		{534C3044-525B-4B9B-89F9-02A21F2D58BB}.Debug|Any CPU.Build.0 = Debug|Any CPU
		{534C3044-525B-4B9B-89F9-02A21F2D58BB}.Debug|Mixed Platforms.ActiveCfg = Debug|Any CPU
		{534C3044-525B-4B9B-89F9-02A21F2D58BB}.Debug|Mixed Platforms.Build.0 = Debug|Any CPU
		{534C3044-525B-4B9B-89F9-02A21F2D58BB}.Debug|x86.ActiveCfg = Debug|Any CPU
		{534C3044-525B-4B9B-89F9-02A21F2D58BB}.Debug|x86.Build.0 = Debug|Any CPU
		{534C3044-525B-4B9B-89F9-02A21F2D58BB}.Release|Any CPU.ActiveCfg = Release|Any CPU
		{534C3044-525B-4B9B-89F9-02A21F2D58BB}.Release|Any CPU.Build.0 = Release|Any CPU
		{534C3044-525B-4B9B-89F9-02A21F2D58BB}.Release|Mixed Platforms.ActiveCfg = Release|Any CPU
		{534C3044-525B-4B9B-89F9-02A21F2D58BB}.Release|Mixed Platforms.Build.0 = Release|Any CPU
		{534C3044-525B-4B9B-89F9-02A21F2D58BB}.Release|x86.ActiveCfg = Release|Any CPU
		{534C3044-525B-4B9B-89F9-02A21F2D58BB}.Release|x86.Build.0 = Release|Any CPU
		{34CD69B7-1BED-4C68-A503-63A7F719AA37}.Debug|Any CPU.ActiveCfg = Debug|Any CPU
		{34CD69B7-1BED-4C68-A503-63A7F719AA37}.Debug|Any CPU.Build.0 = Debug|Any CPU
		{34CD69B7-1BED-4C68-A503-63A7F719AA37}.Debug|Mixed Platforms.ActiveCfg = Debug|Any CPU
		{34CD69B7-1BED-4C68-A503-63A7F719AA37}.Debug|Mixed Platforms.Build.0 = Debug|Any CPU
		{34CD69B7-1BED-4C68-A503-63A7F719AA37}.Debug|x86.ActiveCfg = Debug|Any CPU
		{34CD69B7-1BED-4C68-A503-63A7F719AA37}.Debug|x86.Build.0 = Debug|Any CPU
		{34CD69B7-1BED-4C68-A503-63A7F719AA37}.Release|Any CPU.ActiveCfg = Release|Any CPU
		{34CD69B7-1BED-4C68-A503-63A7F719AA37}.Release|Any CPU.Build.0 = Release|Any CPU
		{34CD69B7-1BED-4C68-A503-63A7F719AA37}.Release|Mixed Platforms.ActiveCfg = Release|Any CPU
		{34CD69B7-1BED-4C68-A503-63A7F719AA37}.Release|Mixed Platforms.Build.0 = Release|Any CPU
		{34CD69B7-1BED-4C68-A503-63A7F719AA37}.Release|x86.ActiveCfg = Release|Any CPU
		{34CD69B7-1BED-4C68-A503-63A7F719AA37}.Release|x86.Build.0 = Release|Any CPU
	EndGlobalSection
	GlobalSection(SolutionProperties) = preSolution
		HideSolutionNode = FALSE
	EndGlobalSection
	GlobalSection(ExtensibilityGlobals) = postSolution
		SolutionGuid = {DDF10209-DFE9-450E-898C-BDAA8BA87DD3}
	EndGlobalSection
EndGlobal
